// !$*UTF8*$!
{
	archiveVersion = 1;
	classes = {
	};
	objectVersion = 56;
	objects = {

/* Begin PBXBuildFile section */
		E6A5F8602C2DD65B00839201 /* AppDelegate.swift in Sources */ = {isa = PBXBuildFile; fileRef = E6A5F85F2C2DD65B00839201 /* AppDelegate.swift */; };
		E6A5F8622C2DD65B00839201 /* SceneDelegate.swift in Sources */ = {isa = PBXBuildFile; fileRef = E6A5F8612C2DD65B00839201 /* SceneDelegate.swift */; };
		E6A5F8692C2DD65D00839201 /* Assets.xcassets in Resources */ = {isa = PBXBuildFile; fileRef = E6A5F8682C2DD65D00839201 /* Assets.xcassets */; };
		E6A5F86C2C2DD65D00839201 /* Base in Resources */ = {isa = PBXBuildFile; fileRef = E6A5F86B2C2DD65D00839201 /* Base */; };
		E6A5F8772C2DD66000839201 /* GitHubAppTests.swift in Sources */ = {isa = PBXBuildFile; fileRef = E6A5F8762C2DD66000839201 /* GitHubAppTests.swift */; };
		E6A5F8812C2DD66000839201 /* GitHubAppUITests.swift in Sources */ = {isa = PBXBuildFile; fileRef = E6A5F8802C2DD66000839201 /* GitHubAppUITests.swift */; };
		E6A5F8832C2DD66000839201 /* GitHubAppUITestsLaunchTests.swift in Sources */ = {isa = PBXBuildFile; fileRef = E6A5F8822C2DD66000839201 /* GitHubAppUITestsLaunchTests.swift */; };
		E6A5F8902C2DE1EE00839201 /* SearchViewController.swift in Sources */ = {isa = PBXBuildFile; fileRef = E6A5F88F2C2DE1EE00839201 /* SearchViewController.swift */; };
		E6A5F8922C2DE21900839201 /* FavouriteListViewController.swift in Sources */ = {isa = PBXBuildFile; fileRef = E6A5F8912C2DE21900839201 /* FavouriteListViewController.swift */; };
		E6A5F8942C2DF7A800839201 /* GFButton.swift in Sources */ = {isa = PBXBuildFile; fileRef = E6A5F8932C2DF7A800839201 /* GFButton.swift */; };
		E6A5F8962C2E42DD00839201 /* GFTextField.swift in Sources */ = {isa = PBXBuildFile; fileRef = E6A5F8952C2E42DD00839201 /* GFTextField.swift */; };
		E6A5F8982C2E4E0300839201 /* FollowerListViewController.swift in Sources */ = {isa = PBXBuildFile; fileRef = E6A5F8972C2E4E0300839201 /* FollowerListViewController.swift */; };
		E6A5F89A2C2E557400839201 /* StringValidations.swift in Sources */ = {isa = PBXBuildFile; fileRef = E6A5F8992C2E557400839201 /* StringValidations.swift */; };
		E6A5F89C2C2E5B7900839201 /* GFTitleLabel.swift in Sources */ = {isa = PBXBuildFile; fileRef = E6A5F89B2C2E5B7900839201 /* GFTitleLabel.swift */; };
		E6A5F89E2C2E5CBF00839201 /* GFBodyLabel.swift in Sources */ = {isa = PBXBuildFile; fileRef = E6A5F89D2C2E5CBF00839201 /* GFBodyLabel.swift */; };
		E6A5F8A02C2E5E2200839201 /* GFAlertViewController.swift in Sources */ = {isa = PBXBuildFile; fileRef = E6A5F89F2C2E5E2200839201 /* GFAlertViewController.swift */; };
		E6A5F8A22C2E660100839201 /* UIViewController+Ext.swift in Sources */ = {isa = PBXBuildFile; fileRef = E6A5F8A12C2E660100839201 /* UIViewController+Ext.swift */; };
		E6A5F8A82C2E73B700839201 /* GFContainer.swift in Sources */ = {isa = PBXBuildFile; fileRef = E6A5F8A72C2E73B700839201 /* GFContainer.swift */; };
		E6A5F8AA2C2E757900839201 /* Follower.swift in Sources */ = {isa = PBXBuildFile; fileRef = E6A5F8A92C2E757900839201 /* Follower.swift */; };
		E6A5F8AC2C2E799100839201 /* NetworkManager.swift in Sources */ = {isa = PBXBuildFile; fileRef = E6A5F8AB2C2E799100839201 /* NetworkManager.swift */; };
		E6A5F8B02C2E913600839201 /* User.swift in Sources */ = {isa = PBXBuildFile; fileRef = E6A5F8AF2C2E913600839201 /* User.swift */; };
		E6A5F8B32C2E923500839201 /* ErrorMessage.swift in Sources */ = {isa = PBXBuildFile; fileRef = E6A5F8B22C2E923500839201 /* ErrorMessage.swift */; };
		E6A5F8B52C2EA30100839201 /* OldWayNetworkManager.swift in Sources */ = {isa = PBXBuildFile; fileRef = E6A5F8B42C2EA30100839201 /* OldWayNetworkManager.swift */; };
		E6A5F8B72C2EAB0700839201 /* GFError.swift in Sources */ = {isa = PBXBuildFile; fileRef = E6A5F8B62C2EAB0700839201 /* GFError.swift */; };
		E6A5F8BA2C2EAF2100839201 /* FollowerCollectionViewCell.swift in Sources */ = {isa = PBXBuildFile; fileRef = E6A5F8B92C2EAF2100839201 /* FollowerCollectionViewCell.swift */; };
		E6A5F8BC2C2EAFC700839201 /* GFAvatarImageView.swift in Sources */ = {isa = PBXBuildFile; fileRef = E6A5F8BB2C2EAFC700839201 /* GFAvatarImageView.swift */; };
/* End PBXBuildFile section */

/* Begin PBXContainerItemProxy section */
		E6A5F8732C2DD66000839201 /* PBXContainerItemProxy */ = {
			isa = PBXContainerItemProxy;
			containerPortal = E6A5F8542C2DD65B00839201 /* Project object */;
			proxyType = 1;
			remoteGlobalIDString = E6A5F85B2C2DD65B00839201;
			remoteInfo = GitHubApp;
		};
		E6A5F87D2C2DD66000839201 /* PBXContainerItemProxy */ = {
			isa = PBXContainerItemProxy;
			containerPortal = E6A5F8542C2DD65B00839201 /* Project object */;
			proxyType = 1;
			remoteGlobalIDString = E6A5F85B2C2DD65B00839201;
			remoteInfo = GitHubApp;
		};
/* End PBXContainerItemProxy section */

/* Begin PBXFileReference section */
		E6A5F85C2C2DD65B00839201 /* GitHubApp.app */ = {isa = PBXFileReference; explicitFileType = wrapper.application; includeInIndex = 0; path = GitHubApp.app; sourceTree = BUILT_PRODUCTS_DIR; };
		E6A5F85F2C2DD65B00839201 /* AppDelegate.swift */ = {isa = PBXFileReference; lastKnownFileType = sourcecode.swift; path = AppDelegate.swift; sourceTree = "<group>"; };
		E6A5F8612C2DD65B00839201 /* SceneDelegate.swift */ = {isa = PBXFileReference; lastKnownFileType = sourcecode.swift; path = SceneDelegate.swift; sourceTree = "<group>"; };
		E6A5F8682C2DD65D00839201 /* Assets.xcassets */ = {isa = PBXFileReference; lastKnownFileType = folder.assetcatalog; path = Assets.xcassets; sourceTree = "<group>"; };
		E6A5F86B2C2DD65D00839201 /* Base */ = {isa = PBXFileReference; lastKnownFileType = file.storyboard; name = Base; path = Base.lproj/LaunchScreen.storyboard; sourceTree = "<group>"; };
		E6A5F86D2C2DD65D00839201 /* Info.plist */ = {isa = PBXFileReference; lastKnownFileType = text.plist.xml; path = Info.plist; sourceTree = "<group>"; };
		E6A5F8722C2DD66000839201 /* GitHubAppTests.xctest */ = {isa = PBXFileReference; explicitFileType = wrapper.cfbundle; includeInIndex = 0; path = GitHubAppTests.xctest; sourceTree = BUILT_PRODUCTS_DIR; };
		E6A5F8762C2DD66000839201 /* GitHubAppTests.swift */ = {isa = PBXFileReference; lastKnownFileType = sourcecode.swift; path = GitHubAppTests.swift; sourceTree = "<group>"; };
		E6A5F87C2C2DD66000839201 /* GitHubAppUITests.xctest */ = {isa = PBXFileReference; explicitFileType = wrapper.cfbundle; includeInIndex = 0; path = GitHubAppUITests.xctest; sourceTree = BUILT_PRODUCTS_DIR; };
		E6A5F8802C2DD66000839201 /* GitHubAppUITests.swift */ = {isa = PBXFileReference; lastKnownFileType = sourcecode.swift; path = GitHubAppUITests.swift; sourceTree = "<group>"; };
		E6A5F8822C2DD66000839201 /* GitHubAppUITestsLaunchTests.swift */ = {isa = PBXFileReference; lastKnownFileType = sourcecode.swift; path = GitHubAppUITestsLaunchTests.swift; sourceTree = "<group>"; };
		E6A5F88F2C2DE1EE00839201 /* SearchViewController.swift */ = {isa = PBXFileReference; lastKnownFileType = sourcecode.swift; path = SearchViewController.swift; sourceTree = "<group>"; };
		E6A5F8912C2DE21900839201 /* FavouriteListViewController.swift */ = {isa = PBXFileReference; lastKnownFileType = sourcecode.swift; path = FavouriteListViewController.swift; sourceTree = "<group>"; };
		E6A5F8932C2DF7A800839201 /* GFButton.swift */ = {isa = PBXFileReference; lastKnownFileType = sourcecode.swift; path = GFButton.swift; sourceTree = "<group>"; };
		E6A5F8952C2E42DD00839201 /* GFTextField.swift */ = {isa = PBXFileReference; lastKnownFileType = sourcecode.swift; path = GFTextField.swift; sourceTree = "<group>"; };
		E6A5F8972C2E4E0300839201 /* FollowerListViewController.swift */ = {isa = PBXFileReference; lastKnownFileType = sourcecode.swift; path = FollowerListViewController.swift; sourceTree = "<group>"; };
		E6A5F8992C2E557400839201 /* StringValidations.swift */ = {isa = PBXFileReference; lastKnownFileType = sourcecode.swift; path = StringValidations.swift; sourceTree = "<group>"; };
		E6A5F89B2C2E5B7900839201 /* GFTitleLabel.swift */ = {isa = PBXFileReference; lastKnownFileType = sourcecode.swift; path = GFTitleLabel.swift; sourceTree = "<group>"; };
		E6A5F89D2C2E5CBF00839201 /* GFBodyLabel.swift */ = {isa = PBXFileReference; lastKnownFileType = sourcecode.swift; path = GFBodyLabel.swift; sourceTree = "<group>"; };
		E6A5F89F2C2E5E2200839201 /* GFAlertViewController.swift */ = {isa = PBXFileReference; lastKnownFileType = sourcecode.swift; path = GFAlertViewController.swift; sourceTree = "<group>"; };
		E6A5F8A12C2E660100839201 /* UIViewController+Ext.swift */ = {isa = PBXFileReference; lastKnownFileType = sourcecode.swift; path = "UIViewController+Ext.swift"; sourceTree = "<group>"; };
		E6A5F8A72C2E73B700839201 /* GFContainer.swift */ = {isa = PBXFileReference; lastKnownFileType = sourcecode.swift; path = GFContainer.swift; sourceTree = "<group>"; };
		E6A5F8A92C2E757900839201 /* Follower.swift */ = {isa = PBXFileReference; lastKnownFileType = sourcecode.swift; path = Follower.swift; sourceTree = "<group>"; };
		E6A5F8AB2C2E799100839201 /* NetworkManager.swift */ = {isa = PBXFileReference; lastKnownFileType = sourcecode.swift; path = NetworkManager.swift; sourceTree = "<group>"; };
		E6A5F8AF2C2E913600839201 /* User.swift */ = {isa = PBXFileReference; lastKnownFileType = sourcecode.swift; path = User.swift; sourceTree = "<group>"; };
		E6A5F8B22C2E923500839201 /* ErrorMessage.swift */ = {isa = PBXFileReference; lastKnownFileType = sourcecode.swift; path = ErrorMessage.swift; sourceTree = "<group>"; };
		E6A5F8B42C2EA30100839201 /* OldWayNetworkManager.swift */ = {isa = PBXFileReference; lastKnownFileType = sourcecode.swift; path = OldWayNetworkManager.swift; sourceTree = "<group>"; };
		E6A5F8B62C2EAB0700839201 /* GFError.swift */ = {isa = PBXFileReference; lastKnownFileType = sourcecode.swift; path = GFError.swift; sourceTree = "<group>"; };
		E6A5F8B92C2EAF2100839201 /* FollowerCollectionViewCell.swift */ = {isa = PBXFileReference; lastKnownFileType = sourcecode.swift; path = FollowerCollectionViewCell.swift; sourceTree = "<group>"; };
		E6A5F8BB2C2EAFC700839201 /* GFAvatarImageView.swift */ = {isa = PBXFileReference; lastKnownFileType = sourcecode.swift; path = GFAvatarImageView.swift; sourceTree = "<group>"; };
/* End PBXFileReference section */

/* Begin PBXFrameworksBuildPhase section */
		E6A5F8592C2DD65B00839201 /* Frameworks */ = {
			isa = PBXFrameworksBuildPhase;
			buildActionMask = 2147483647;
			files = (
			);
			runOnlyForDeploymentPostprocessing = 0;
		};
		E6A5F86F2C2DD66000839201 /* Frameworks */ = {
			isa = PBXFrameworksBuildPhase;
			buildActionMask = 2147483647;
			files = (
			);
			runOnlyForDeploymentPostprocessing = 0;
		};
		E6A5F8792C2DD66000839201 /* Frameworks */ = {
			isa = PBXFrameworksBuildPhase;
			buildActionMask = 2147483647;
			files = (
			);
			runOnlyForDeploymentPostprocessing = 0;
		};
/* End PBXFrameworksBuildPhase section */

/* Begin PBXGroup section */
		E6A5F8532C2DD65B00839201 = {
			isa = PBXGroup;
			children = (
				E6A5F85E2C2DD65B00839201 /* GitHubApp */,
				E6A5F8752C2DD66000839201 /* GitHubAppTests */,
				E6A5F87F2C2DD66000839201 /* GitHubAppUITests */,
				E6A5F85D2C2DD65B00839201 /* Products */,
			);
			sourceTree = "<group>";
		};
		E6A5F85D2C2DD65B00839201 /* Products */ = {
			isa = PBXGroup;
			children = (
				E6A5F85C2C2DD65B00839201 /* GitHubApp.app */,
				E6A5F8722C2DD66000839201 /* GitHubAppTests.xctest */,
				E6A5F87C2C2DD66000839201 /* GitHubAppUITests.xctest */,
			);
			name = Products;
			sourceTree = "<group>";
		};
		E6A5F85E2C2DD65B00839201 /* GitHubApp */ = {
			isa = PBXGroup;
			children = (
				E6A5F8B12C2E91B700839201 /* Utilities */,
				E6A5F8AD2C2E799700839201 /* Model */,
				E6A5F8AE2C2E799E00839201 /* Managers */,
				E6A5F8A62C2E726900839201 /* Supporting */,
				E6A5F8A32C2E721300839201 /* Screens */,
				E6A5F8A42C2E722400839201 /* Customs Views */,
				E6A5F8A52C2E724300839201 /* Extensions */,
				E6A5F86D2C2DD65D00839201 /* Info.plist */,
			);
			path = GitHubApp;
			sourceTree = "<group>";
		};
		E6A5F8752C2DD66000839201 /* GitHubAppTests */ = {
			isa = PBXGroup;
			children = (
				E6A5F8762C2DD66000839201 /* GitHubAppTests.swift */,
			);
			path = GitHubAppTests;
			sourceTree = "<group>";
		};
		E6A5F87F2C2DD66000839201 /* GitHubAppUITests */ = {
			isa = PBXGroup;
			children = (
				E6A5F8802C2DD66000839201 /* GitHubAppUITests.swift */,
				E6A5F8822C2DD66000839201 /* GitHubAppUITestsLaunchTests.swift */,
			);
			path = GitHubAppUITests;
			sourceTree = "<group>";
		};
		E6A5F8A32C2E721300839201 /* Screens */ = {
			isa = PBXGroup;
			children = (
				E6A5F86A2C2DD65D00839201 /* LaunchScreen.storyboard */,
				E6A5F88F2C2DE1EE00839201 /* SearchViewController.swift */,
				E6A5F8972C2E4E0300839201 /* FollowerListViewController.swift */,
				E6A5F8912C2DE21900839201 /* FavouriteListViewController.swift */,
				E6A5F89F2C2E5E2200839201 /* GFAlertViewController.swift */,
			);
			path = Screens;
			sourceTree = "<group>";
		};
		E6A5F8A42C2E722400839201 /* Customs Views */ = {
			isa = PBXGroup;
			children = (
				E6A5F8B82C2EAEF500839201 /* Cells */,
				E6A5F8932C2DF7A800839201 /* GFButton.swift */,
				E6A5F8952C2E42DD00839201 /* GFTextField.swift */,
				E6A5F89B2C2E5B7900839201 /* GFTitleLabel.swift */,
				E6A5F89D2C2E5CBF00839201 /* GFBodyLabel.swift */,
				E6A5F8BB2C2EAFC700839201 /* GFAvatarImageView.swift */,
				E6A5F8A72C2E73B700839201 /* GFContainer.swift */,
			);
			path = "Customs Views";
			sourceTree = "<group>";
		};
		E6A5F8A52C2E724300839201 /* Extensions */ = {
			isa = PBXGroup;
			children = (
				E6A5F8992C2E557400839201 /* StringValidations.swift */,
				E6A5F8A12C2E660100839201 /* UIViewController+Ext.swift */,
			);
			path = Extensions;
			sourceTree = "<group>";
		};
		E6A5F8A62C2E726900839201 /* Supporting */ = {
			isa = PBXGroup;
			children = (
				E6A5F85F2C2DD65B00839201 /* AppDelegate.swift */,
				E6A5F8612C2DD65B00839201 /* SceneDelegate.swift */,
				E6A5F8682C2DD65D00839201 /* Assets.xcassets */,
			);
			path = Supporting;
			sourceTree = "<group>";
		};
		E6A5F8AD2C2E799700839201 /* Model */ = {
			isa = PBXGroup;
			children = (
				E6A5F8A92C2E757900839201 /* Follower.swift */,
				E6A5F8AF2C2E913600839201 /* User.swift */,
			);
			path = Model;
			sourceTree = "<group>";
		};
		E6A5F8AE2C2E799E00839201 /* Managers */ = {
			isa = PBXGroup;
			children = (
				E6A5F8AB2C2E799100839201 /* NetworkManager.swift */,
				E6A5F8B42C2EA30100839201 /* OldWayNetworkManager.swift */,
			);
			path = Managers;
			sourceTree = "<group>";
		};
		E6A5F8B12C2E91B700839201 /* Utilities */ = {
			isa = PBXGroup;
			children = (
				E6A5F8B22C2E923500839201 /* ErrorMessage.swift */,
				E6A5F8B62C2EAB0700839201 /* GFError.swift */,
			);
			path = Utilities;
			sourceTree = "<group>";
		};
		E6A5F8B82C2EAEF500839201 /* Cells */ = {
			isa = PBXGroup;
			children = (
				E6A5F8B92C2EAF2100839201 /* FollowerCollectionViewCell.swift */,
			);
			path = Cells;
			sourceTree = "<group>";
		};
/* End PBXGroup section */

/* Begin PBXNativeTarget section */
		E6A5F85B2C2DD65B00839201 /* GitHubApp */ = {
			isa = PBXNativeTarget;
			buildConfigurationList = E6A5F8862C2DD66000839201 /* Build configuration list for PBXNativeTarget "GitHubApp" */;
			buildPhases = (
				E6A5F8582C2DD65B00839201 /* Sources */,
				E6A5F8592C2DD65B00839201 /* Frameworks */,
				E6A5F85A2C2DD65B00839201 /* Resources */,
			);
			buildRules = (
			);
			dependencies = (
			);
			name = GitHubApp;
			productName = GitHubApp;
			productReference = E6A5F85C2C2DD65B00839201 /* GitHubApp.app */;
			productType = "com.apple.product-type.application";
		};
		E6A5F8712C2DD66000839201 /* GitHubAppTests */ = {
			isa = PBXNativeTarget;
			buildConfigurationList = E6A5F8892C2DD66000839201 /* Build configuration list for PBXNativeTarget "GitHubAppTests" */;
			buildPhases = (
				E6A5F86E2C2DD66000839201 /* Sources */,
				E6A5F86F2C2DD66000839201 /* Frameworks */,
				E6A5F8702C2DD66000839201 /* Resources */,
			);
			buildRules = (
			);
			dependencies = (
				E6A5F8742C2DD66000839201 /* PBXTargetDependency */,
			);
			name = GitHubAppTests;
			productName = GitHubAppTests;
			productReference = E6A5F8722C2DD66000839201 /* GitHubAppTests.xctest */;
			productType = "com.apple.product-type.bundle.unit-test";
		};
		E6A5F87B2C2DD66000839201 /* GitHubAppUITests */ = {
			isa = PBXNativeTarget;
			buildConfigurationList = E6A5F88C2C2DD66000839201 /* Build configuration list for PBXNativeTarget "GitHubAppUITests" */;
			buildPhases = (
				E6A5F8782C2DD66000839201 /* Sources */,
				E6A5F8792C2DD66000839201 /* Frameworks */,
				E6A5F87A2C2DD66000839201 /* Resources */,
			);
			buildRules = (
			);
			dependencies = (
				E6A5F87E2C2DD66000839201 /* PBXTargetDependency */,
			);
			name = GitHubAppUITests;
			productName = GitHubAppUITests;
			productReference = E6A5F87C2C2DD66000839201 /* GitHubAppUITests.xctest */;
			productType = "com.apple.product-type.bundle.ui-testing";
		};
/* End PBXNativeTarget section */

/* Begin PBXProject section */
		E6A5F8542C2DD65B00839201 /* Project object */ = {
			isa = PBXProject;
			attributes = {
				BuildIndependentTargetsInParallel = 1;
				LastSwiftUpdateCheck = 1530;
				LastUpgradeCheck = 1530;
				TargetAttributes = {
					E6A5F85B2C2DD65B00839201 = {
						CreatedOnToolsVersion = 15.3;
					};
					E6A5F8712C2DD66000839201 = {
						CreatedOnToolsVersion = 15.3;
						TestTargetID = E6A5F85B2C2DD65B00839201;
					};
					E6A5F87B2C2DD66000839201 = {
						CreatedOnToolsVersion = 15.3;
						TestTargetID = E6A5F85B2C2DD65B00839201;
					};
				};
			};
			buildConfigurationList = E6A5F8572C2DD65B00839201 /* Build configuration list for PBXProject "GitHubApp" */;
			compatibilityVersion = "Xcode 14.0";
			developmentRegion = en;
			hasScannedForEncodings = 0;
			knownRegions = (
				en,
				Base,
			);
			mainGroup = E6A5F8532C2DD65B00839201;
			productRefGroup = E6A5F85D2C2DD65B00839201 /* Products */;
			projectDirPath = "";
			projectRoot = "";
			targets = (
				E6A5F85B2C2DD65B00839201 /* GitHubApp */,
				E6A5F8712C2DD66000839201 /* GitHubAppTests */,
				E6A5F87B2C2DD66000839201 /* GitHubAppUITests */,
			);
		};
/* End PBXProject section */

/* Begin PBXResourcesBuildPhase section */
		E6A5F85A2C2DD65B00839201 /* Resources */ = {
			isa = PBXResourcesBuildPhase;
			buildActionMask = 2147483647;
			files = (
				E6A5F8692C2DD65D00839201 /* Assets.xcassets in Resources */,
				E6A5F86C2C2DD65D00839201 /* Base in Resources */,
			);
			runOnlyForDeploymentPostprocessing = 0;
		};
		E6A5F8702C2DD66000839201 /* Resources */ = {
			isa = PBXResourcesBuildPhase;
			buildActionMask = 2147483647;
			files = (
			);
			runOnlyForDeploymentPostprocessing = 0;
		};
		E6A5F87A2C2DD66000839201 /* Resources */ = {
			isa = PBXResourcesBuildPhase;
			buildActionMask = 2147483647;
			files = (
			);
			runOnlyForDeploymentPostprocessing = 0;
		};
/* End PBXResourcesBuildPhase section */

/* Begin PBXSourcesBuildPhase section */
		E6A5F8582C2DD65B00839201 /* Sources */ = {
			isa = PBXSourcesBuildPhase;
			buildActionMask = 2147483647;
			files = (
				E6A5F8962C2E42DD00839201 /* GFTextField.swift in Sources */,
				E6A5F8B32C2E923500839201 /* ErrorMessage.swift in Sources */,
				E6A5F8AA2C2E757900839201 /* Follower.swift in Sources */,
				E6A5F8922C2DE21900839201 /* FavouriteListViewController.swift in Sources */,
				E6A5F8BA2C2EAF2100839201 /* FollowerCollectionViewCell.swift in Sources */,
				E6A5F8A22C2E660100839201 /* UIViewController+Ext.swift in Sources */,
				E6A5F8B72C2EAB0700839201 /* GFError.swift in Sources */,
				E6A5F8B02C2E913600839201 /* User.swift in Sources */,
				E6A5F8942C2DF7A800839201 /* GFButton.swift in Sources */,
				E6A5F8982C2E4E0300839201 /* FollowerListViewController.swift in Sources */,
				E6A5F8902C2DE1EE00839201 /* SearchViewController.swift in Sources */,
				E6A5F8BC2C2EAFC700839201 /* GFAvatarImageView.swift in Sources */,
				E6A5F8A02C2E5E2200839201 /* GFAlertViewController.swift in Sources */,
				E6A5F8B52C2EA30100839201 /* OldWayNetworkManager.swift in Sources */,
				E6A5F8602C2DD65B00839201 /* AppDelegate.swift in Sources */,
				E6A5F89C2C2E5B7900839201 /* GFTitleLabel.swift in Sources */,
				E6A5F8622C2DD65B00839201 /* SceneDelegate.swift in Sources */,
				E6A5F89A2C2E557400839201 /* StringValidations.swift in Sources */,
				E6A5F8AC2C2E799100839201 /* NetworkManager.swift in Sources */,
				E6A5F89E2C2E5CBF00839201 /* GFBodyLabel.swift in Sources */,
				E6A5F8A82C2E73B700839201 /* GFContainer.swift in Sources */,
			);
			runOnlyForDeploymentPostprocessing = 0;
		};
		E6A5F86E2C2DD66000839201 /* Sources */ = {
			isa = PBXSourcesBuildPhase;
			buildActionMask = 2147483647;
			files = (
				E6A5F8772C2DD66000839201 /* GitHubAppTests.swift in Sources */,
			);
			runOnlyForDeploymentPostprocessing = 0;
		};
		E6A5F8782C2DD66000839201 /* Sources */ = {
			isa = PBXSourcesBuildPhase;
			buildActionMask = 2147483647;
			files = (
				E6A5F8812C2DD66000839201 /* GitHubAppUITests.swift in Sources */,
				E6A5F8832C2DD66000839201 /* GitHubAppUITestsLaunchTests.swift in Sources */,
			);
			runOnlyForDeploymentPostprocessing = 0;
		};
/* End PBXSourcesBuildPhase section */

/* Begin PBXTargetDependency section */
		E6A5F8742C2DD66000839201 /* PBXTargetDependency */ = {
			isa = PBXTargetDependency;
			target = E6A5F85B2C2DD65B00839201 /* GitHubApp */;
			targetProxy = E6A5F8732C2DD66000839201 /* PBXContainerItemProxy */;
		};
		E6A5F87E2C2DD66000839201 /* PBXTargetDependency */ = {
			isa = PBXTargetDependency;
			target = E6A5F85B2C2DD65B00839201 /* GitHubApp */;
			targetProxy = E6A5F87D2C2DD66000839201 /* PBXContainerItemProxy */;
		};
/* End PBXTargetDependency section */

/* Begin PBXVariantGroup section */
		E6A5F86A2C2DD65D00839201 /* LaunchScreen.storyboard */ = {
			isa = PBXVariantGroup;
			children = (
				E6A5F86B2C2DD65D00839201 /* Base */,
			);
			name = LaunchScreen.storyboard;
			sourceTree = "<group>";
		};
/* End PBXVariantGroup section */

/* Begin XCBuildConfiguration section */
		E6A5F8842C2DD66000839201 /* Debug */ = {
			isa = XCBuildConfiguration;
			buildSettings = {
				ALWAYS_SEARCH_USER_PATHS = NO;
				ASSETCATALOG_COMPILER_GENERATE_SWIFT_ASSET_SYMBOL_EXTENSIONS = YES;
				CLANG_ANALYZER_NONNULL = YES;
				CLANG_ANALYZER_NUMBER_OBJECT_CONVERSION = YES_AGGRESSIVE;
				CLANG_CXX_LANGUAGE_STANDARD = "gnu++20";
				CLANG_ENABLE_MODULES = YES;
				CLANG_ENABLE_OBJC_ARC = YES;
				CLANG_ENABLE_OBJC_WEAK = YES;
				CLANG_WARN_BLOCK_CAPTURE_AUTORELEASING = YES;
				CLANG_WARN_BOOL_CONVERSION = YES;
				CLANG_WARN_COMMA = YES;
				CLANG_WARN_CONSTANT_CONVERSION = YES;
				CLANG_WARN_DEPRECATED_OBJC_IMPLEMENTATIONS = YES;
				CLANG_WARN_DIRECT_OBJC_ISA_USAGE = YES_ERROR;
				CLANG_WARN_DOCUMENTATION_COMMENTS = YES;
				CLANG_WARN_EMPTY_BODY = YES;
				CLANG_WARN_ENUM_CONVERSION = YES;
				CLANG_WARN_INFINITE_RECURSION = YES;
				CLANG_WARN_INT_CONVERSION = YES;
				CLANG_WARN_NON_LITERAL_NULL_CONVERSION = YES;
				CLANG_WARN_OBJC_IMPLICIT_RETAIN_SELF = YES;
				CLANG_WARN_OBJC_LITERAL_CONVERSION = YES;
				CLANG_WARN_OBJC_ROOT_CLASS = YES_ERROR;
				CLANG_WARN_QUOTED_INCLUDE_IN_FRAMEWORK_HEADER = YES;
				CLANG_WARN_RANGE_LOOP_ANALYSIS = YES;
				CLANG_WARN_STRICT_PROTOTYPES = YES;
				CLANG_WARN_SUSPICIOUS_MOVE = YES;
				CLANG_WARN_UNGUARDED_AVAILABILITY = YES_AGGRESSIVE;
				CLANG_WARN_UNREACHABLE_CODE = YES;
				CLANG_WARN__DUPLICATE_METHOD_MATCH = YES;
				COPY_PHASE_STRIP = NO;
				DEBUG_INFORMATION_FORMAT = dwarf;
				ENABLE_STRICT_OBJC_MSGSEND = YES;
				ENABLE_TESTABILITY = YES;
				ENABLE_USER_SCRIPT_SANDBOXING = YES;
				GCC_C_LANGUAGE_STANDARD = gnu17;
				GCC_DYNAMIC_NO_PIC = NO;
				GCC_NO_COMMON_BLOCKS = YES;
				GCC_OPTIMIZATION_LEVEL = 0;
				GCC_PREPROCESSOR_DEFINITIONS = (
					"DEBUG=1",
					"$(inherited)",
				);
				GCC_WARN_64_TO_32_BIT_CONVERSION = YES;
				GCC_WARN_ABOUT_RETURN_TYPE = YES_ERROR;
				GCC_WARN_UNDECLARED_SELECTOR = YES;
				GCC_WARN_UNINITIALIZED_AUTOS = YES_AGGRESSIVE;
				GCC_WARN_UNUSED_FUNCTION = YES;
				GCC_WARN_UNUSED_VARIABLE = YES;
				IPHONEOS_DEPLOYMENT_TARGET = 17.4;
				LOCALIZATION_PREFERS_STRING_CATALOGS = YES;
				MTL_ENABLE_DEBUG_INFO = INCLUDE_SOURCE;
				MTL_FAST_MATH = YES;
				ONLY_ACTIVE_ARCH = YES;
				SDKROOT = iphoneos;
				SWIFT_ACTIVE_COMPILATION_CONDITIONS = "DEBUG $(inherited)";
				SWIFT_OPTIMIZATION_LEVEL = "-Onone";
			};
			name = Debug;
		};
		E6A5F8852C2DD66000839201 /* Release */ = {
			isa = XCBuildConfiguration;
			buildSettings = {
				ALWAYS_SEARCH_USER_PATHS = NO;
				ASSETCATALOG_COMPILER_GENERATE_SWIFT_ASSET_SYMBOL_EXTENSIONS = YES;
				CLANG_ANALYZER_NONNULL = YES;
				CLANG_ANALYZER_NUMBER_OBJECT_CONVERSION = YES_AGGRESSIVE;
				CLANG_CXX_LANGUAGE_STANDARD = "gnu++20";
				CLANG_ENABLE_MODULES = YES;
				CLANG_ENABLE_OBJC_ARC = YES;
				CLANG_ENABLE_OBJC_WEAK = YES;
				CLANG_WARN_BLOCK_CAPTURE_AUTORELEASING = YES;
				CLANG_WARN_BOOL_CONVERSION = YES;
				CLANG_WARN_COMMA = YES;
				CLANG_WARN_CONSTANT_CONVERSION = YES;
				CLANG_WARN_DEPRECATED_OBJC_IMPLEMENTATIONS = YES;
				CLANG_WARN_DIRECT_OBJC_ISA_USAGE = YES_ERROR;
				CLANG_WARN_DOCUMENTATION_COMMENTS = YES;
				CLANG_WARN_EMPTY_BODY = YES;
				CLANG_WARN_ENUM_CONVERSION = YES;
				CLANG_WARN_INFINITE_RECURSION = YES;
				CLANG_WARN_INT_CONVERSION = YES;
				CLANG_WARN_NON_LITERAL_NULL_CONVERSION = YES;
				CLANG_WARN_OBJC_IMPLICIT_RETAIN_SELF = YES;
				CLANG_WARN_OBJC_LITERAL_CONVERSION = YES;
				CLANG_WARN_OBJC_ROOT_CLASS = YES_ERROR;
				CLANG_WARN_QUOTED_INCLUDE_IN_FRAMEWORK_HEADER = YES;
				CLANG_WARN_RANGE_LOOP_ANALYSIS = YES;
				CLANG_WARN_STRICT_PROTOTYPES = YES;
				CLANG_WARN_SUSPICIOUS_MOVE = YES;
				CLANG_WARN_UNGUARDED_AVAILABILITY = YES_AGGRESSIVE;
				CLANG_WARN_UNREACHABLE_CODE = YES;
				CLANG_WARN__DUPLICATE_METHOD_MATCH = YES;
				COPY_PHASE_STRIP = NO;
				DEBUG_INFORMATION_FORMAT = "dwarf-with-dsym";
				ENABLE_NS_ASSERTIONS = NO;
				ENABLE_STRICT_OBJC_MSGSEND = YES;
				ENABLE_USER_SCRIPT_SANDBOXING = YES;
				GCC_C_LANGUAGE_STANDARD = gnu17;
				GCC_NO_COMMON_BLOCKS = YES;
				GCC_WARN_64_TO_32_BIT_CONVERSION = YES;
				GCC_WARN_ABOUT_RETURN_TYPE = YES_ERROR;
				GCC_WARN_UNDECLARED_SELECTOR = YES;
				GCC_WARN_UNINITIALIZED_AUTOS = YES_AGGRESSIVE;
				GCC_WARN_UNUSED_FUNCTION = YES;
				GCC_WARN_UNUSED_VARIABLE = YES;
				IPHONEOS_DEPLOYMENT_TARGET = 17.4;
				LOCALIZATION_PREFERS_STRING_CATALOGS = YES;
				MTL_ENABLE_DEBUG_INFO = NO;
				MTL_FAST_MATH = YES;
				SDKROOT = iphoneos;
				SWIFT_COMPILATION_MODE = wholemodule;
				VALIDATE_PRODUCT = YES;
			};
			name = Release;
		};
		E6A5F8872C2DD66000839201 /* Debug */ = {
			isa = XCBuildConfiguration;
			buildSettings = {
				ASSETCATALOG_COMPILER_APPICON_NAME = AppIcon;
				ASSETCATALOG_COMPILER_GLOBAL_ACCENT_COLOR_NAME = AccentColor;
				CODE_SIGN_STYLE = Automatic;
				CURRENT_PROJECT_VERSION = 1;
				DEVELOPMENT_TEAM = 9TC67YNRBL;
				GENERATE_INFOPLIST_FILE = YES;
				INFOPLIST_FILE = GitHubApp/Info.plist;
				INFOPLIST_KEY_UIApplicationSupportsIndirectInputEvents = YES;
				INFOPLIST_KEY_UILaunchStoryboardName = LaunchScreen;
				INFOPLIST_KEY_UISupportedInterfaceOrientations_iPad = "UIInterfaceOrientationPortrait UIInterfaceOrientationPortraitUpsideDown UIInterfaceOrientationLandscapeLeft UIInterfaceOrientationLandscapeRight";
				INFOPLIST_KEY_UISupportedInterfaceOrientations_iPhone = "UIInterfaceOrientationPortrait UIInterfaceOrientationLandscapeLeft UIInterfaceOrientationLandscapeRight";
				LD_RUNPATH_SEARCH_PATHS = (
					"$(inherited)",
					"@executable_path/Frameworks",
				);
				MARKETING_VERSION = 1.0;
				PRODUCT_BUNDLE_IDENTIFIER = modernwebsites.co.za.GitHubApp;
				PRODUCT_NAME = "$(TARGET_NAME)";
				SWIFT_EMIT_LOC_STRINGS = YES;
				SWIFT_VERSION = 5.0;
				TARGETED_DEVICE_FAMILY = "1,2";
			};
			name = Debug;
		};
		E6A5F8882C2DD66000839201 /* Release */ = {
			isa = XCBuildConfiguration;
			buildSettings = {
				ASSETCATALOG_COMPILER_APPICON_NAME = AppIcon;
				ASSETCATALOG_COMPILER_GLOBAL_ACCENT_COLOR_NAME = AccentColor;
				CODE_SIGN_STYLE = Automatic;
				CURRENT_PROJECT_VERSION = 1;
				DEVELOPMENT_TEAM = 9TC67YNRBL;
				GENERATE_INFOPLIST_FILE = YES;
				INFOPLIST_FILE = GitHubApp/Info.plist;
				INFOPLIST_KEY_UIApplicationSupportsIndirectInputEvents = YES;
				INFOPLIST_KEY_UILaunchStoryboardName = LaunchScreen;
				INFOPLIST_KEY_UISupportedInterfaceOrientations_iPad = "UIInterfaceOrientationPortrait UIInterfaceOrientationPortraitUpsideDown UIInterfaceOrientationLandscapeLeft UIInterfaceOrientationLandscapeRight";
				INFOPLIST_KEY_UISupportedInterfaceOrientations_iPhone = "UIInterfaceOrientationPortrait UIInterfaceOrientationLandscapeLeft UIInterfaceOrientationLandscapeRight";
				LD_RUNPATH_SEARCH_PATHS = (
					"$(inherited)",
					"@executable_path/Frameworks",
				);
				MARKETING_VERSION = 1.0;
				PRODUCT_BUNDLE_IDENTIFIER = modernwebsites.co.za.GitHubApp;
				PRODUCT_NAME = "$(TARGET_NAME)";
				SWIFT_EMIT_LOC_STRINGS = YES;
				SWIFT_VERSION = 5.0;
				TARGETED_DEVICE_FAMILY = "1,2";
			};
			name = Release;
		};
		E6A5F88A2C2DD66000839201 /* Debug */ = {
			isa = XCBuildConfiguration;
			buildSettings = {
				ALWAYS_EMBED_SWIFT_STANDARD_LIBRARIES = YES;
				BUNDLE_LOADER = "$(TEST_HOST)";
				CODE_SIGN_STYLE = Automatic;
				CURRENT_PROJECT_VERSION = 1;
				DEVELOPMENT_TEAM = 9TC67YNRBL;
				GENERATE_INFOPLIST_FILE = YES;
				IPHONEOS_DEPLOYMENT_TARGET = 17.4;
				MARKETING_VERSION = 1.0;
				PRODUCT_BUNDLE_IDENTIFIER = modernwebsites.co.za.GitHubAppTests;
				PRODUCT_NAME = "$(TARGET_NAME)";
				SWIFT_EMIT_LOC_STRINGS = NO;
				SWIFT_VERSION = 5.0;
				TARGETED_DEVICE_FAMILY = "1,2";
				TEST_HOST = "$(BUILT_PRODUCTS_DIR)/GitHubApp.app/$(BUNDLE_EXECUTABLE_FOLDER_PATH)/GitHubApp";
			};
			name = Debug;
		};
		E6A5F88B2C2DD66000839201 /* Release */ = {
			isa = XCBuildConfiguration;
			buildSettings = {
				ALWAYS_EMBED_SWIFT_STANDARD_LIBRARIES = YES;
				BUNDLE_LOADER = "$(TEST_HOST)";
				CODE_SIGN_STYLE = Automatic;
				CURRENT_PROJECT_VERSION = 1;
				DEVELOPMENT_TEAM = 9TC67YNRBL;
				GENERATE_INFOPLIST_FILE = YES;
				IPHONEOS_DEPLOYMENT_TARGET = 17.4;
				MARKETING_VERSION = 1.0;
				PRODUCT_BUNDLE_IDENTIFIER = modernwebsites.co.za.GitHubAppTests;
				PRODUCT_NAME = "$(TARGET_NAME)";
				SWIFT_EMIT_LOC_STRINGS = NO;
				SWIFT_VERSION = 5.0;
				TARGETED_DEVICE_FAMILY = "1,2";
				TEST_HOST = "$(BUILT_PRODUCTS_DIR)/GitHubApp.app/$(BUNDLE_EXECUTABLE_FOLDER_PATH)/GitHubApp";
			};
			name = Release;
		};
		E6A5F88D2C2DD66000839201 /* Debug */ = {
			isa = XCBuildConfiguration;
			buildSettings = {
				ALWAYS_EMBED_SWIFT_STANDARD_LIBRARIES = YES;
				CODE_SIGN_STYLE = Automatic;
				CURRENT_PROJECT_VERSION = 1;
				DEVELOPMENT_TEAM = 9TC67YNRBL;
				GENERATE_INFOPLIST_FILE = YES;
				MARKETING_VERSION = 1.0;
				PRODUCT_BUNDLE_IDENTIFIER = modernwebsites.co.za.GitHubAppUITests;
				PRODUCT_NAME = "$(TARGET_NAME)";
				SWIFT_EMIT_LOC_STRINGS = NO;
				SWIFT_VERSION = 5.0;
				TARGETED_DEVICE_FAMILY = "1,2";
				TEST_TARGET_NAME = GitHubApp;
			};
			name = Debug;
		};
		E6A5F88E2C2DD66000839201 /* Release */ = {
			isa = XCBuildConfiguration;
			buildSettings = {
				ALWAYS_EMBED_SWIFT_STANDARD_LIBRARIES = YES;
				CODE_SIGN_STYLE = Automatic;
				CURRENT_PROJECT_VERSION = 1;
				DEVELOPMENT_TEAM = 9TC67YNRBL;
				GENERATE_INFOPLIST_FILE = YES;
				MARKETING_VERSION = 1.0;
				PRODUCT_BUNDLE_IDENTIFIER = modernwebsites.co.za.GitHubAppUITests;
				PRODUCT_NAME = "$(TARGET_NAME)";
				SWIFT_EMIT_LOC_STRINGS = NO;
				SWIFT_VERSION = 5.0;
				TARGETED_DEVICE_FAMILY = "1,2";
				TEST_TARGET_NAME = GitHubApp;
			};
			name = Release;
		};
/* End XCBuildConfiguration section */

/* Begin XCConfigurationList section */
		E6A5F8572C2DD65B00839201 /* Build configuration list for PBXProject "GitHubApp" */ = {
			isa = XCConfigurationList;
			buildConfigurations = (
				E6A5F8842C2DD66000839201 /* Debug */,
				E6A5F8852C2DD66000839201 /* Release */,
			);
			defaultConfigurationIsVisible = 0;
			defaultConfigurationName = Release;
		};
		E6A5F8862C2DD66000839201 /* Build configuration list for PBXNativeTarget "GitHubApp" */ = {
			isa = XCConfigurationList;
			buildConfigurations = (
				E6A5F8872C2DD66000839201 /* Debug */,
				E6A5F8882C2DD66000839201 /* Release */,
			);
			defaultConfigurationIsVisible = 0;
			defaultConfigurationName = Release;
		};
		E6A5F8892C2DD66000839201 /* Build configuration list for PBXNativeTarget "GitHubAppTests" */ = {
			isa = XCConfigurationList;
			buildConfigurations = (
				E6A5F88A2C2DD66000839201 /* Debug */,
				E6A5F88B2C2DD66000839201 /* Release */,
			);
			defaultConfigurationIsVisible = 0;
			defaultConfigurationName = Release;
		};
		E6A5F88C2C2DD66000839201 /* Build configuration list for PBXNativeTarget "GitHubAppUITests" */ = {
			isa = XCConfigurationList;
			buildConfigurations = (
				E6A5F88D2C2DD66000839201 /* Debug */,
				E6A5F88E2C2DD66000839201 /* Release */,
			);
			defaultConfigurationIsVisible = 0;
			defaultConfigurationName = Release;
		};
/* End XCConfigurationList section */
	};
	rootObject = E6A5F8542C2DD65B00839201 /* Project object */;
}
